// !$*UTF8*$!
{
	archiveVersion = 1;
	classes = {
	};
	objectVersion = 56;
	objects = {

/* Begin PBXBuildFile section */
		38AFC4142CBD0C0700D9414E /* DaengDaengWeekApp.swift in Sources */ = {isa = PBXBuildFile; fileRef = 38AFC4132CBD0C0700D9414E /* DaengDaengWeekApp.swift */; };
		38AFC4162CBD0C0700D9414E /* ContentView.swift in Sources */ = {isa = PBXBuildFile; fileRef = 38AFC4152CBD0C0700D9414E /* ContentView.swift */; };
		38AFC4182CBD0C0800D9414E /* Assets.xcassets in Resources */ = {isa = PBXBuildFile; fileRef = 38AFC4172CBD0C0800D9414E /* Assets.xcassets */; };
		38AFC41B2CBD0C0800D9414E /* Preview Assets.xcassets in Resources */ = {isa = PBXBuildFile; fileRef = 38AFC41A2CBD0C0800D9414E /* Preview Assets.xcassets */; };
		38AFC4242CBD98E500D9414E /* StartView.swift in Sources */ = {isa = PBXBuildFile; fileRef = 38AFC4232CBD98E500D9414E /* StartView.swift */; };
		38AFC4272CBD9C3F00D9414E /* Font.swift in Sources */ = {isa = PBXBuildFile; fileRef = 38AFC4262CBD9C3F00D9414E /* Font.swift */; };
		38AFC4292CBD9CF500D9414E /* SettingView.swift in Sources */ = {isa = PBXBuildFile; fileRef = 38AFC4282CBD9CF500D9414E /* SettingView.swift */; };
		38AFC42B2CBD9D0200D9414E /* MainView.swift in Sources */ = {isa = PBXBuildFile; fileRef = 38AFC42A2CBD9D0200D9414E /* MainView.swift */; };
		38AFC42D2CBD9D0D00D9414E /* WalkView.swift in Sources */ = {isa = PBXBuildFile; fileRef = 38AFC42C2CBD9D0D00D9414E /* WalkView.swift */; };
		38AFC42F2CBD9D1500D9414E /* HospitalView.swift in Sources */ = {isa = PBXBuildFile; fileRef = 38AFC42E2CBD9D1500D9414E /* HospitalView.swift */; };
		38AFC4312CBD9D1E00D9414E /* EndingView.swift in Sources */ = {isa = PBXBuildFile; fileRef = 38AFC4302CBD9D1E00D9414E /* EndingView.swift */; };
		38AFC4382CBD9EE300D9414E /* EF_Rainyday-L(otf).otf in Resources */ = {isa = PBXBuildFile; fileRef = 38AFC4352CBD9EE300D9414E /* EF_Rainyday-L(otf).otf */; };
		38AFC4392CBD9EE300D9414E /* EF_Rainyday-B(otf).otf in Resources */ = {isa = PBXBuildFile; fileRef = 38AFC4362CBD9EE300D9414E /* EF_Rainyday-B(otf).otf */; };
		38AFC43A2CBD9EE300D9414E /* EF_Rainyday-R(otf).otf in Resources */ = {isa = PBXBuildFile; fileRef = 38AFC4372CBD9EE300D9414E /* EF_Rainyday-R(otf).otf */; };
		38AFC43D2CBDA32300D9414E /* Color.swift in Sources */ = {isa = PBXBuildFile; fileRef = 38AFC43C2CBDA32300D9414E /* Color.swift */; };
/* End PBXBuildFile section */

/* Begin PBXFileReference section */
		38AFC4102CBD0C0700D9414E /* DaengDaengWeek.app */ = {isa = PBXFileReference; explicitFileType = wrapper.application; includeInIndex = 0; path = DaengDaengWeek.app; sourceTree = BUILT_PRODUCTS_DIR; };
		38AFC4132CBD0C0700D9414E /* DaengDaengWeekApp.swift */ = {isa = PBXFileReference; lastKnownFileType = sourcecode.swift; path = DaengDaengWeekApp.swift; sourceTree = "<group>"; };
		38AFC4152CBD0C0700D9414E /* ContentView.swift */ = {isa = PBXFileReference; lastKnownFileType = sourcecode.swift; path = ContentView.swift; sourceTree = "<group>"; };
		38AFC4172CBD0C0800D9414E /* Assets.xcassets */ = {isa = PBXFileReference; lastKnownFileType = folder.assetcatalog; path = Assets.xcassets; sourceTree = "<group>"; };
		38AFC41A2CBD0C0800D9414E /* Preview Assets.xcassets */ = {isa = PBXFileReference; lastKnownFileType = folder.assetcatalog; path = "Preview Assets.xcassets"; sourceTree = "<group>"; };
		38AFC4232CBD98E500D9414E /* StartView.swift */ = {isa = PBXFileReference; lastKnownFileType = sourcecode.swift; path = StartView.swift; sourceTree = "<group>"; };
		38AFC4262CBD9C3F00D9414E /* Font.swift */ = {isa = PBXFileReference; lastKnownFileType = sourcecode.swift; path = Font.swift; sourceTree = "<group>"; };
		38AFC4282CBD9CF500D9414E /* SettingView.swift */ = {isa = PBXFileReference; lastKnownFileType = sourcecode.swift; path = SettingView.swift; sourceTree = "<group>"; };
		38AFC42A2CBD9D0200D9414E /* MainView.swift */ = {isa = PBXFileReference; lastKnownFileType = sourcecode.swift; path = MainView.swift; sourceTree = "<group>"; };
		38AFC42C2CBD9D0D00D9414E /* WalkView.swift */ = {isa = PBXFileReference; lastKnownFileType = sourcecode.swift; path = WalkView.swift; sourceTree = "<group>"; };
		38AFC42E2CBD9D1500D9414E /* HospitalView.swift */ = {isa = PBXFileReference; lastKnownFileType = sourcecode.swift; path = HospitalView.swift; sourceTree = "<group>"; };
		38AFC4302CBD9D1E00D9414E /* EndingView.swift */ = {isa = PBXFileReference; lastKnownFileType = sourcecode.swift; path = EndingView.swift; sourceTree = "<group>"; };
		38AFC4352CBD9EE300D9414E /* EF_Rainyday-L(otf).otf */ = {isa = PBXFileReference; lastKnownFileType = file; path = "EF_Rainyday-L(otf).otf"; sourceTree = "<group>"; };
		38AFC4362CBD9EE300D9414E /* EF_Rainyday-B(otf).otf */ = {isa = PBXFileReference; lastKnownFileType = file; path = "EF_Rainyday-B(otf).otf"; sourceTree = "<group>"; };
		38AFC4372CBD9EE300D9414E /* EF_Rainyday-R(otf).otf */ = {isa = PBXFileReference; lastKnownFileType = file; path = "EF_Rainyday-R(otf).otf"; sourceTree = "<group>"; };
		38AFC43B2CBDA08100D9414E /* Info.plist */ = {isa = PBXFileReference; lastKnownFileType = text.plist; path = Info.plist; sourceTree = "<group>"; };
		38AFC43C2CBDA32300D9414E /* Color.swift */ = {isa = PBXFileReference; lastKnownFileType = sourcecode.swift; path = Color.swift; sourceTree = "<group>"; };
/* End PBXFileReference section */

/* Begin PBXFrameworksBuildPhase section */
		38AFC40D2CBD0C0700D9414E /* Frameworks */ = {
			isa = PBXFrameworksBuildPhase;
			buildActionMask = 2147483647;
			files = (
			);
			runOnlyForDeploymentPostprocessing = 0;
		};
/* End PBXFrameworksBuildPhase section */

/* Begin PBXGroup section */
		38AFC4072CBD0C0700D9414E = {
			isa = PBXGroup;
			children = (
				38AFC4122CBD0C0700D9414E /* DaengDaengWeek */,
				38AFC4112CBD0C0700D9414E /* Products */,
			);
			sourceTree = "<group>";
		};
		38AFC4112CBD0C0700D9414E /* Products */ = {
			isa = PBXGroup;
			children = (
				38AFC4102CBD0C0700D9414E /* DaengDaengWeek.app */,
			);
			name = Products;
			sourceTree = "<group>";
		};
		38AFC4122CBD0C0700D9414E /* DaengDaengWeek */ = {
			isa = PBXGroup;
			children = (
				38AFC43B2CBDA08100D9414E /* Info.plist */,
				38AFC4222CBD0F3600D9414E /* App */,
				38AFC4212CBD0F2C00D9414E /* Scenes */,
				38AFC4252CBD9C2C00D9414E /* Extension */,
				38AFC4322CBD9E1100D9414E /* Resource */,
				38AFC4172CBD0C0800D9414E /* Assets.xcassets */,
				38AFC4152CBD0C0700D9414E /* ContentView.swift */,
				38AFC4192CBD0C0800D9414E /* Preview Content */,
			);
			path = DaengDaengWeek;
			sourceTree = "<group>";
		};
		38AFC4192CBD0C0800D9414E /* Preview Content */ = {
			isa = PBXGroup;
			children = (
				38AFC41A2CBD0C0800D9414E /* Preview Assets.xcassets */,
			);
			path = "Preview Content";
			sourceTree = "<group>";
		};
		38AFC4212CBD0F2C00D9414E /* Scenes */ = {
			isa = PBXGroup;
			children = (
				38AFC4232CBD98E500D9414E /* StartView.swift */,
				38AFC4282CBD9CF500D9414E /* SettingView.swift */,
				38AFC42A2CBD9D0200D9414E /* MainView.swift */,
				38AFC42C2CBD9D0D00D9414E /* WalkView.swift */,
				38AFC42E2CBD9D1500D9414E /* HospitalView.swift */,
				38AFC4302CBD9D1E00D9414E /* EndingView.swift */,
			);
			path = Scenes;
			sourceTree = "<group>";
		};
		38AFC4222CBD0F3600D9414E /* App */ = {
			isa = PBXGroup;
			children = (
				38AFC4132CBD0C0700D9414E /* DaengDaengWeekApp.swift */,
			);
			path = App;
			sourceTree = "<group>";
		};
		38AFC4252CBD9C2C00D9414E /* Extension */ = {
			isa = PBXGroup;
			children = (
				38AFC4262CBD9C3F00D9414E /* Font.swift */,
				38AFC43C2CBDA32300D9414E /* Color.swift */,
			);
			path = Extension;
			sourceTree = "<group>";
		};
		38AFC4322CBD9E1100D9414E /* Resource */ = {
			isa = PBXGroup;
			children = (
				38AFC4332CBD9E6E00D9414E /* Fonts */,
			);
			path = Resource;
			sourceTree = "<group>";
		};
		38AFC4332CBD9E6E00D9414E /* Fonts */ = {
			isa = PBXGroup;
			children = (
				38AFC4342CBD9E7B00D9414E /* Rainyday */,
			);
			path = Fonts;
			sourceTree = "<group>";
		};
		38AFC4342CBD9E7B00D9414E /* Rainyday */ = {
			isa = PBXGroup;
			children = (
				38AFC4362CBD9EE300D9414E /* EF_Rainyday-B(otf).otf */,
				38AFC4352CBD9EE300D9414E /* EF_Rainyday-L(otf).otf */,
				38AFC4372CBD9EE300D9414E /* EF_Rainyday-R(otf).otf */,
			);
			path = Rainyday;
			sourceTree = "<group>";
		};
/* End PBXGroup section */

/* Begin PBXNativeTarget section */
		38AFC40F2CBD0C0700D9414E /* DaengDaengWeek */ = {
			isa = PBXNativeTarget;
			buildConfigurationList = 38AFC41E2CBD0C0800D9414E /* Build configuration list for PBXNativeTarget "DaengDaengWeek" */;
			buildPhases = (
				38AFC40C2CBD0C0700D9414E /* Sources */,
				38AFC40D2CBD0C0700D9414E /* Frameworks */,
				38AFC40E2CBD0C0700D9414E /* Resources */,
			);
			buildRules = (
			);
			dependencies = (
			);
			name = DaengDaengWeek;
			productName = DaengDaengWeek;
			productReference = 38AFC4102CBD0C0700D9414E /* DaengDaengWeek.app */;
			productType = "com.apple.product-type.application";
		};
/* End PBXNativeTarget section */

/* Begin PBXProject section */
		38AFC4082CBD0C0700D9414E /* Project object */ = {
			isa = PBXProject;
			attributes = {
				BuildIndependentTargetsInParallel = 1;
				LastSwiftUpdateCheck = 1530;
				LastUpgradeCheck = 1530;
				TargetAttributes = {
					38AFC40F2CBD0C0700D9414E = {
						CreatedOnToolsVersion = 15.3;
					};
				};
			};
			buildConfigurationList = 38AFC40B2CBD0C0700D9414E /* Build configuration list for PBXProject "DaengDaengWeek" */;
			compatibilityVersion = "Xcode 14.0";
			developmentRegion = en;
			hasScannedForEncodings = 0;
			knownRegions = (
				en,
				Base,
			);
			mainGroup = 38AFC4072CBD0C0700D9414E;
			productRefGroup = 38AFC4112CBD0C0700D9414E /* Products */;
			projectDirPath = "";
			projectRoot = "";
			targets = (
				38AFC40F2CBD0C0700D9414E /* DaengDaengWeek */,
			);
		};
/* End PBXProject section */

/* Begin PBXResourcesBuildPhase section */
		38AFC40E2CBD0C0700D9414E /* Resources */ = {
			isa = PBXResourcesBuildPhase;
			buildActionMask = 2147483647;
			files = (
				38AFC41B2CBD0C0800D9414E /* Preview Assets.xcassets in Resources */,
				38AFC43A2CBD9EE300D9414E /* EF_Rainyday-R(otf).otf in Resources */,
				38AFC4392CBD9EE300D9414E /* EF_Rainyday-B(otf).otf in Resources */,
				38AFC4382CBD9EE300D9414E /* EF_Rainyday-L(otf).otf in Resources */,
				38AFC4182CBD0C0800D9414E /* Assets.xcassets in Resources */,
			);
			runOnlyForDeploymentPostprocessing = 0;
		};
/* End PBXResourcesBuildPhase section */

/* Begin PBXSourcesBuildPhase section */
		38AFC40C2CBD0C0700D9414E /* Sources */ = {
			isa = PBXSourcesBuildPhase;
			buildActionMask = 2147483647;
			files = (
				38AFC4272CBD9C3F00D9414E /* Font.swift in Sources */,
				38AFC42B2CBD9D0200D9414E /* MainView.swift in Sources */,
				38AFC4292CBD9CF500D9414E /* SettingView.swift in Sources */,
				38AFC43D2CBDA32300D9414E /* Color.swift in Sources */,
				38AFC4242CBD98E500D9414E /* StartView.swift in Sources */,
				38AFC42F2CBD9D1500D9414E /* HospitalView.swift in Sources */,
				38AFC4312CBD9D1E00D9414E /* EndingView.swift in Sources */,
				38AFC4162CBD0C0700D9414E /* ContentView.swift in Sources */,
				38AFC42D2CBD9D0D00D9414E /* WalkView.swift in Sources */,
				38AFC4142CBD0C0700D9414E /* DaengDaengWeekApp.swift in Sources */,
			);
			runOnlyForDeploymentPostprocessing = 0;
		};
/* End PBXSourcesBuildPhase section */

/* Begin XCBuildConfiguration section */
		38AFC41C2CBD0C0800D9414E /* Debug */ = {
			isa = XCBuildConfiguration;
			buildSettings = {
				ALWAYS_SEARCH_USER_PATHS = NO;
				ASSETCATALOG_COMPILER_GENERATE_SWIFT_ASSET_SYMBOL_EXTENSIONS = YES;
				CLANG_ANALYZER_NONNULL = YES;
				CLANG_ANALYZER_NUMBER_OBJECT_CONVERSION = YES_AGGRESSIVE;
				CLANG_CXX_LANGUAGE_STANDARD = "gnu++20";
				CLANG_ENABLE_MODULES = YES;
				CLANG_ENABLE_OBJC_ARC = YES;
				CLANG_ENABLE_OBJC_WEAK = YES;
				CLANG_WARN_BLOCK_CAPTURE_AUTORELEASING = YES;
				CLANG_WARN_BOOL_CONVERSION = YES;
				CLANG_WARN_COMMA = YES;
				CLANG_WARN_CONSTANT_CONVERSION = YES;
				CLANG_WARN_DEPRECATED_OBJC_IMPLEMENTATIONS = YES;
				CLANG_WARN_DIRECT_OBJC_ISA_USAGE = YES_ERROR;
				CLANG_WARN_DOCUMENTATION_COMMENTS = YES;
				CLANG_WARN_EMPTY_BODY = YES;
				CLANG_WARN_ENUM_CONVERSION = YES;
				CLANG_WARN_INFINITE_RECURSION = YES;
				CLANG_WARN_INT_CONVERSION = YES;
				CLANG_WARN_NON_LITERAL_NULL_CONVERSION = YES;
				CLANG_WARN_OBJC_IMPLICIT_RETAIN_SELF = YES;
				CLANG_WARN_OBJC_LITERAL_CONVERSION = YES;
				CLANG_WARN_OBJC_ROOT_CLASS = YES_ERROR;
				CLANG_WARN_QUOTED_INCLUDE_IN_FRAMEWORK_HEADER = YES;
				CLANG_WARN_RANGE_LOOP_ANALYSIS = YES;
				CLANG_WARN_STRICT_PROTOTYPES = YES;
				CLANG_WARN_SUSPICIOUS_MOVE = YES;
				CLANG_WARN_UNGUARDED_AVAILABILITY = YES_AGGRESSIVE;
				CLANG_WARN_UNREACHABLE_CODE = YES;
				CLANG_WARN__DUPLICATE_METHOD_MATCH = YES;
				COPY_PHASE_STRIP = NO;
				DEBUG_INFORMATION_FORMAT = dwarf;
				ENABLE_STRICT_OBJC_MSGSEND = YES;
				ENABLE_TESTABILITY = YES;
				ENABLE_USER_SCRIPT_SANDBOXING = YES;
				GCC_C_LANGUAGE_STANDARD = gnu17;
				GCC_DYNAMIC_NO_PIC = NO;
				GCC_NO_COMMON_BLOCKS = YES;
				GCC_OPTIMIZATION_LEVEL = 0;
				GCC_PREPROCESSOR_DEFINITIONS = (
					"DEBUG=1",
					"$(inherited)",
				);
				GCC_WARN_64_TO_32_BIT_CONVERSION = YES;
				GCC_WARN_ABOUT_RETURN_TYPE = YES_ERROR;
				GCC_WARN_UNDECLARED_SELECTOR = YES;
				GCC_WARN_UNINITIALIZED_AUTOS = YES_AGGRESSIVE;
				GCC_WARN_UNUSED_FUNCTION = YES;
				GCC_WARN_UNUSED_VARIABLE = YES;
				IPHONEOS_DEPLOYMENT_TARGET = 17.4;
				LOCALIZATION_PREFERS_STRING_CATALOGS = YES;
				MTL_ENABLE_DEBUG_INFO = INCLUDE_SOURCE;
				MTL_FAST_MATH = YES;
				ONLY_ACTIVE_ARCH = YES;
				SDKROOT = iphoneos;
				SWIFT_ACTIVE_COMPILATION_CONDITIONS = "DEBUG $(inherited)";
				SWIFT_OPTIMIZATION_LEVEL = "-Onone";
			};
			name = Debug;
		};
		38AFC41D2CBD0C0800D9414E /* Release */ = {
			isa = XCBuildConfiguration;
			buildSettings = {
				ALWAYS_SEARCH_USER_PATHS = NO;
				ASSETCATALOG_COMPILER_GENERATE_SWIFT_ASSET_SYMBOL_EXTENSIONS = YES;
				CLANG_ANALYZER_NONNULL = YES;
				CLANG_ANALYZER_NUMBER_OBJECT_CONVERSION = YES_AGGRESSIVE;
				CLANG_CXX_LANGUAGE_STANDARD = "gnu++20";
				CLANG_ENABLE_MODULES = YES;
				CLANG_ENABLE_OBJC_ARC = YES;
				CLANG_ENABLE_OBJC_WEAK = YES;
				CLANG_WARN_BLOCK_CAPTURE_AUTORELEASING = YES;
				CLANG_WARN_BOOL_CONVERSION = YES;
				CLANG_WARN_COMMA = YES;
				CLANG_WARN_CONSTANT_CONVERSION = YES;
				CLANG_WARN_DEPRECATED_OBJC_IMPLEMENTATIONS = YES;
				CLANG_WARN_DIRECT_OBJC_ISA_USAGE = YES_ERROR;
				CLANG_WARN_DOCUMENTATION_COMMENTS = YES;
				CLANG_WARN_EMPTY_BODY = YES;
				CLANG_WARN_ENUM_CONVERSION = YES;
				CLANG_WARN_INFINITE_RECURSION = YES;
				CLANG_WARN_INT_CONVERSION = YES;
				CLANG_WARN_NON_LITERAL_NULL_CONVERSION = YES;
				CLANG_WARN_OBJC_IMPLICIT_RETAIN_SELF = YES;
				CLANG_WARN_OBJC_LITERAL_CONVERSION = YES;
				CLANG_WARN_OBJC_ROOT_CLASS = YES_ERROR;
				CLANG_WARN_QUOTED_INCLUDE_IN_FRAMEWORK_HEADER = YES;
				CLANG_WARN_RANGE_LOOP_ANALYSIS = YES;
				CLANG_WARN_STRICT_PROTOTYPES = YES;
				CLANG_WARN_SUSPICIOUS_MOVE = YES;
				CLANG_WARN_UNGUARDED_AVAILABILITY = YES_AGGRESSIVE;
				CLANG_WARN_UNREACHABLE_CODE = YES;
				CLANG_WARN__DUPLICATE_METHOD_MATCH = YES;
				COPY_PHASE_STRIP = NO;
				DEBUG_INFORMATION_FORMAT = "dwarf-with-dsym";
				ENABLE_NS_ASSERTIONS = NO;
				ENABLE_STRICT_OBJC_MSGSEND = YES;
				ENABLE_USER_SCRIPT_SANDBOXING = YES;
				GCC_C_LANGUAGE_STANDARD = gnu17;
				GCC_NO_COMMON_BLOCKS = YES;
				GCC_WARN_64_TO_32_BIT_CONVERSION = YES;
				GCC_WARN_ABOUT_RETURN_TYPE = YES_ERROR;
				GCC_WARN_UNDECLARED_SELECTOR = YES;
				GCC_WARN_UNINITIALIZED_AUTOS = YES_AGGRESSIVE;
				GCC_WARN_UNUSED_FUNCTION = YES;
				GCC_WARN_UNUSED_VARIABLE = YES;
				IPHONEOS_DEPLOYMENT_TARGET = 17.4;
				LOCALIZATION_PREFERS_STRING_CATALOGS = YES;
				MTL_ENABLE_DEBUG_INFO = NO;
				MTL_FAST_MATH = YES;
				SDKROOT = iphoneos;
				SWIFT_COMPILATION_MODE = wholemodule;
				VALIDATE_PRODUCT = YES;
			};
			name = Release;
		};
		38AFC41F2CBD0C0800D9414E /* Debug */ = {
			isa = XCBuildConfiguration;
			buildSettings = {
				ASSETCATALOG_COMPILER_APPICON_NAME = AppIcon;
				ASSETCATALOG_COMPILER_GLOBAL_ACCENT_COLOR_NAME = AccentColor;
				CODE_SIGN_STYLE = Automatic;
				CURRENT_PROJECT_VERSION = 1;
				DEVELOPMENT_ASSET_PATHS = "\"DaengDaengWeek/Preview Content\"";
				ENABLE_PREVIEWS = YES;
				GENERATE_INFOPLIST_FILE = YES;
				INFOPLIST_FILE = DaengDaengWeek/Info.plist;
				INFOPLIST_KEY_UIApplicationSceneManifest_Generation = YES;
				INFOPLIST_KEY_UIApplicationSupportsIndirectInputEvents = YES;
				INFOPLIST_KEY_UILaunchScreen_Generation = YES;
				INFOPLIST_KEY_UISupportedInterfaceOrientations_iPad = "UIInterfaceOrientationPortrait UIInterfaceOrientationPortraitUpsideDown UIInterfaceOrientationLandscapeLeft UIInterfaceOrientationLandscapeRight";
				INFOPLIST_KEY_UISupportedInterfaceOrientations_iPhone = "UIInterfaceOrientationPortrait UIInterfaceOrientationLandscapeLeft UIInterfaceOrientationLandscapeRight";
				LD_RUNPATH_SEARCH_PATHS = (
					"$(inherited)",
					"@executable_path/Frameworks",
				);
				MARKETING_VERSION = 1.0;
				PRODUCT_BUNDLE_IDENTIFIER = com.foundation.DaengDaengWeek;
				PRODUCT_NAME = "$(TARGET_NAME)";
				SWIFT_EMIT_LOC_STRINGS = YES;
				SWIFT_VERSION = 5.0;
				TARGETED_DEVICE_FAMILY = "1,2";
			};
			name = Debug;
		};
		38AFC4202CBD0C0800D9414E /* Release */ = {
			isa = XCBuildConfiguration;
			buildSettings = {
				ASSETCATALOG_COMPILER_APPICON_NAME = AppIcon;
				ASSETCATALOG_COMPILER_GLOBAL_ACCENT_COLOR_NAME = AccentColor;
				CODE_SIGN_STYLE = Automatic;
				CURRENT_PROJECT_VERSION = 1;
				DEVELOPMENT_ASSET_PATHS = "\"DaengDaengWeek/Preview Content\"";
				ENABLE_PREVIEWS = YES;
				GENERATE_INFOPLIST_FILE = YES;
				INFOPLIST_FILE = DaengDaengWeek/Info.plist;
				INFOPLIST_KEY_UIApplicationSceneManifest_Generation = YES;
				INFOPLIST_KEY_UIApplicationSupportsIndirectInputEvents = YES;
				INFOPLIST_KEY_UILaunchScreen_Generation = YES;
				INFOPLIST_KEY_UISupportedInterfaceOrientations_iPad = "UIInterfaceOrientationPortrait UIInterfaceOrientationPortraitUpsideDown UIInterfaceOrientationLandscapeLeft UIInterfaceOrientationLandscapeRight";
				INFOPLIST_KEY_UISupportedInterfaceOrientations_iPhone = "UIInterfaceOrientationPortrait UIInterfaceOrientationLandscapeLeft UIInterfaceOrientationLandscapeRight";
				LD_RUNPATH_SEARCH_PATHS = (
					"$(inherited)",
					"@executable_path/Frameworks",
				);
				MARKETING_VERSION = 1.0;
				PRODUCT_BUNDLE_IDENTIFIER = com.foundation.DaengDaengWeek;
				PRODUCT_NAME = "$(TARGET_NAME)";
				SWIFT_EMIT_LOC_STRINGS = YES;
				SWIFT_VERSION = 5.0;
				TARGETED_DEVICE_FAMILY = "1,2";
			};
			name = Release;
		};
/* End XCBuildConfiguration section */

/* Begin XCConfigurationList section */
		38AFC40B2CBD0C0700D9414E /* Build configuration list for PBXProject "DaengDaengWeek" */ = {
			isa = XCConfigurationList;
			buildConfigurations = (
				38AFC41C2CBD0C0800D9414E /* Debug */,
				38AFC41D2CBD0C0800D9414E /* Release */,
			);
			defaultConfigurationIsVisible = 0;
			defaultConfigurationName = Release;
		};
		38AFC41E2CBD0C0800D9414E /* Build configuration list for PBXNativeTarget "DaengDaengWeek" */ = {
			isa = XCConfigurationList;
			buildConfigurations = (
				38AFC41F2CBD0C0800D9414E /* Debug */,
				38AFC4202CBD0C0800D9414E /* Release */,
			);
			defaultConfigurationIsVisible = 0;
			defaultConfigurationName = Release;
		};
/* End XCConfigurationList section */
	};
	rootObject = 38AFC4082CBD0C0700D9414E /* Project object */;
}
